Microsoft Visual Studio Solution File, Format Version 11.00
# Visual Studio 2012
Project("{3D7DFDB5-9F7C-84F4-31EB-8018E2FCE573}") = "GeneticProgrammingSynthesizer", "GeneticProgrammingSynthesizer.vcxproj", "{C923774C-38D1-9FFC-00F4-4FF98DB2A536}"
EndProject
Global
	GlobalSection(SolutionConfigurationPlatforms) = preSolution
		Debug|Win32 = Debug|Win32
		Release|Win32 = Release|Win32
	EndGlobalSection
	GlobalSection(ProjectConfigurationPlatforms) = postSolution
		{C923774C-38D1-9FFC-00F4-4FF98DB2A536}.Debug|Win32.ActiveCfg = Debug|Win32
		{C923774C-38D1-9FFC-00F4-4FF98DB2A536}.Debug|Win32.Build.0 = Debug|Win32
		{C923774C-38D1-9FFC-00F4-4FF98DB2A536}.Release|Win32.ActiveCfg = Release|Win32
		{C923774C-38D1-9FFC-00F4-4FF98DB2A536}.Release|Win32.Build.0 = Release|Win32
	EndGlobalSection
	GlobalSection(SolutionProperties) = preSolution
		HideSolutionNode = FALSE
	EndGlobalSection
EndGlobal
